# THIS IS AN AUTOGENERATED FILE. DO NOT EDIT THIS FILE DIRECTLY.
# yarn lockfile v1


"abbrev@1":
  "integrity" "sha512-nne9/IiQ/hzIhY6pdDnbBtz7DjPTKrY00P/zvPSm5pOFkl6xuGrGnXn/VtTNNfNtAfZ9/1RtehkszU9qcTii0Q=="
  "resolved" "https://registry.npmjs.org/abbrev/-/abbrev-1.1.1.tgz"
  "version" "1.1.1"

"acorn@^5.0.0":
  "integrity" "sha512-1D++VG7BhrtvQpNbBzovKNc1FLGGEE/oGe7b9xJm/RFHMBeUaUGpluV9RLjZa47YFdPcDAenEYuq9pQPcMdLJg=="
  "resolved" "https://registry.npmjs.org/acorn/-/acorn-5.7.4.tgz"
  "version" "5.7.4"

"amdefine@>=0.0.4":
  "integrity" "sha1-SlKCrBZHKek2Gbz9OtFR+BfOkfU="
  "resolved" "https://registry.npmjs.org/amdefine/-/amdefine-1.0.1.tgz"
  "version" "1.0.1"

"anymatch@~3.1.2":
  "integrity" "sha512-P43ePfOAIupkguHUycrc4qJ9kz8ZiuOUijaETwX7THt0Y/GNK7v0aa8rY816xWjZ7rJdA5XdMcpVFTKMq+RvWg=="
  "resolved" "https://registry.npmjs.org/anymatch/-/anymatch-3.1.2.tgz"
  "version" "3.1.2"
  dependencies:
    "normalize-path" "^3.0.0"
    "picomatch" "^2.0.4"

"ast-transform@0.0.0":
  "integrity" "sha1-dJRAWIh9goPhidlUYAlHvJj+AGI="
  "resolved" "https://registry.npmjs.org/ast-transform/-/ast-transform-0.0.0.tgz"
  "version" "0.0.0"
  dependencies:
    "escodegen" "~1.2.0"
    "esprima" "~1.0.4"
    "through" "~2.3.4"

"ast-types@^0.7.0":
  "integrity" "sha1-kC0uDWDQcb3NRtwRXhgJ7RHBOKk="
  "resolved" "https://registry.npmjs.org/ast-types/-/ast-types-0.7.8.tgz"
  "version" "0.7.8"

"babel-runtime@^6.11.6":
  "integrity" "sha1-llxwWGaOgrVde/4E/yM3vItWR/4="
  "resolved" "https://registry.npmjs.org/babel-runtime/-/babel-runtime-6.26.0.tgz"
  "version" "6.26.0"
  dependencies:
    "core-js" "^2.4.0"
    "regenerator-runtime" "^0.11.0"

"balanced-match@^1.0.0":
  "integrity" "sha512-3oSeUO0TMV67hN1AmbXsK4yaqU7tjiHlbxRDZOpH0KW9+CeX4bRAaX0Anxt0tx2MrpRpWwQaPwIlISEJhYU5Pw=="
  "resolved" "https://registry.npmjs.org/balanced-match/-/balanced-match-1.0.2.tgz"
  "version" "1.0.2"

"base64-js@^1.1.2":
  "integrity" "sha512-ccav/yGvoa80BQDljCxsmmQ3Xvx60/UpBIij5QN21W3wBi/hhIC9OoO+KLpu9IJTS9j4DRVJ3aDDF9cMSoa2lw=="
  "resolved" "https://registry.npmjs.org/base64-js/-/base64-js-1.3.0.tgz"
  "version" "1.3.0"

"base64-js@0.0.8":
  "integrity" "sha1-EQHpVE9KdrG8OybUUsqW16NeeXg="
  "resolved" "https://registry.npmjs.org/base64-js/-/base64-js-0.0.8.tgz"
  "version" "0.0.8"

"binary-extensions@^2.0.0":
  "integrity" "sha512-jDctJ/IVQbZoJykoeHbhXpOlNBqGNcwXJKJog42E5HDPUwQTSdjCHdihjj0DlnheQ7blbT6dHOafNAiS8ooQKA=="
  "resolved" "https://registry.npmjs.org/binary-extensions/-/binary-extensions-2.2.0.tgz"
  "version" "2.2.0"

"brace-expansion@^1.1.7":
  "integrity" "sha512-iCuPHDFgrHX7H2vEI/5xpz07zSHB00TpugqhmYtVmMO6518mCuRMoOYFldEBl0g187ufozdaHgWKcYFb61qGiA=="
  "resolved" "https://registry.npmjs.org/brace-expansion/-/brace-expansion-1.1.11.tgz"
  "version" "1.1.11"
  dependencies:
    "balanced-match" "^1.0.0"
    "concat-map" "0.0.1"

"braces@~3.0.2":
  "integrity" "sha512-b8um+L1RzM3WDSzvhm6gIz1yfTbBt6YTlcEKAvsmqCZZFw46z626lVj9j1yEPW33H5H+lBQpZMP1k8l+78Ha0A=="
  "resolved" "https://registry.npmjs.org/braces/-/braces-3.0.2.tgz"
  "version" "3.0.2"
  dependencies:
    "fill-range" "^7.0.1"

"brfs@^1.3.0", "brfs@^1.4.0":
  "integrity" "sha512-OfZpABRQQf+Xsmju8XE9bDjs+uU4vLREGolP7bDgcpsI17QREyZ4Bl+2KLxxx1kCgA0fAIhKQBaBYh+PEcCqYQ=="
  "resolved" "https://registry.npmjs.org/brfs/-/brfs-1.6.1.tgz"
  "version" "1.6.1"
  dependencies:
    "quote-stream" "^1.0.1"
    "resolve" "^1.1.5"
    "static-module" "^2.2.0"
    "through2" "^2.0.0"

"brotli@^1.2.0":
  "integrity" "sha1-UlqcrU/LqWR119OI9q7LE+7VL0Y="
  "resolved" "https://registry.npmjs.org/brotli/-/brotli-1.3.2.tgz"
  "version" "1.3.2"
  dependencies:
    "base64-js" "^1.1.2"

"browser-resolve@^1.8.1":
  "integrity" "sha512-exDi1BYWB/6raKHmDTCicQfTkqwN5fioMFV4j8BsfMU4R2DK/QfZfK7kOVkmWCNANf0snkBzqGqAJBao9gZMdQ=="
  "resolved" "https://registry.npmjs.org/browser-resolve/-/browser-resolve-1.11.3.tgz"
  "version" "1.11.3"
  dependencies:
    "resolve" "1.1.7"

"browserify-optional@^1.0.0":
  "integrity" "sha1-HhNyLP3g2F8SFnbCpyztUzoBiGk="
  "resolved" "https://registry.npmjs.org/browserify-optional/-/browserify-optional-1.0.1.tgz"
  "version" "1.0.1"
  dependencies:
    "ast-transform" "0.0.0"
    "ast-types" "^0.7.0"
    "browser-resolve" "^1.8.1"

"buffer-equal@0.0.1":
  "integrity" "sha1-kbx0sR6kBbyRa8aqkI+q+ltKrEs="
  "resolved" "https://registry.npmjs.org/buffer-equal/-/buffer-equal-0.0.1.tgz"
  "version" "0.0.1"

"buffer-from@^1.0.0":
  "integrity" "sha512-MQcXEUbCKtEo7bhqEs6560Hyd4XaovZlO/k9V3hjVUF/zwW7KBVdSK4gIt/bzwS9MbR5qob+F5jusZsb0YQK2A=="
  "resolved" "https://registry.npmjs.org/buffer-from/-/buffer-from-1.1.1.tgz"
  "version" "1.1.1"

"chokidar@^3.5.2":
  "integrity" "sha512-Dr3sfKRP6oTcjf2JmUmFJfeVMvXBdegxB0iVQ5eb2V10uFJUCAS8OByZdVAyVb8xXNz3GjjTgj9kLWsZTqE6kw=="
  "resolved" "https://registry.npmjs.org/chokidar/-/chokidar-3.5.3.tgz"
  "version" "3.5.3"
  dependencies:
    "anymatch" "~3.1.2"
    "braces" "~3.0.2"
    "glob-parent" "~5.1.2"
    "is-binary-path" "~2.1.0"
    "is-glob" "~4.0.1"
    "normalize-path" "~3.0.0"
    "readdirp" "~3.6.0"
  optionalDependencies:
    "fsevents" "~2.3.2"

"clone@^1.0.1":
  "integrity" "sha1-2jCcwmPfFZlMaIypAheco8fNfH4="
  "resolved" "https://registry.npmjs.org/clone/-/clone-1.0.4.tgz"
  "version" "1.0.4"

"concat-map@0.0.1":
  "integrity" "sha512-/Srv4dswyQNBfohGpz9o6Yb3Gz3SrUDqBH5rTuhGR7ahtlbYKnVxw2bCFMRljaA7EXHaXZ8wsHdodFvbkhKmqg=="
  "resolved" "https://registry.npmjs.org/concat-map/-/concat-map-0.0.1.tgz"
  "version" "0.0.1"

"concat-stream@~1.6.0":
  "integrity" "sha512-27HBghJxjiZtIk3Ycvn/4kbJk/1uZuJFfuPEns6LaEvpvG1f0hTea8lilrouyo9mVc2GWdcEZ8OLoGmSADlrCw=="
  "resolved" "https://registry.npmjs.org/concat-stream/-/concat-stream-1.6.2.tgz"
  "version" "1.6.2"
  dependencies:
    "buffer-from" "^1.0.0"
    "inherits" "^2.0.3"
    "readable-stream" "^2.2.2"
    "typedarray" "^0.0.6"

"convert-source-map@^1.5.1":
  "integrity" "sha512-eFu7XigvxdZ1ETfbgPBohgyQ/Z++C0eEhTor0qRwBw9unw+L0/6V8wkSuGgzdThkiS5lSpdptOQPD8Ak40a+7A=="
  "resolved" "https://registry.npmjs.org/convert-source-map/-/convert-source-map-1.6.0.tgz"
  "version" "1.6.0"
  dependencies:
    "safe-buffer" "~5.1.1"

"core-js@^2.4.0":
  "integrity" "sha512-klh/kDpwX8hryYL14M9w/xei6vrv6sE8gTHDG7/T/+SEovB/G4ejwcfE/CBzO6Edsu+OETZMZ3wcX/EjUkrl5A=="
  "resolved" "https://registry.npmjs.org/core-js/-/core-js-2.6.5.tgz"
  "version" "2.6.5"

"core-util-is@~1.0.0":
  "integrity" "sha1-tf1UIgqivFq1eqtxQMlAdUUDwac="
  "resolved" "https://registry.npmjs.org/core-util-is/-/core-util-is-1.0.2.tgz"
  "version" "1.0.2"

"crypto-js@^3.1.9-1":
  "integrity" "sha1-/aGedh/Ad+Af+/3G6f38WeiAbNg="
  "resolved" "https://registry.npmjs.org/crypto-js/-/crypto-js-3.1.9-1.tgz"
  "version" "3.1.9-1"

"debug@^3.2.7":
  "integrity" "sha512-CFjzYYAi4ThfiQvizrFQevTTXHtnCqWfe7x1AhgEscTz6ZbLbfoLRLPugTQyBth6f8ZERVUSyWHFD/7Wu4t1XQ=="
  "resolved" "https://registry.npmjs.org/debug/-/debug-3.2.7.tgz"
  "version" "3.2.7"
  dependencies:
    "ms" "^2.1.1"

"deep-equal@^1.0.0":
  "integrity" "sha1-9dJgKStmDghO/0zbyfCK0yR0SLU="
  "resolved" "https://registry.npmjs.org/deep-equal/-/deep-equal-1.0.1.tgz"
  "version" "1.0.1"

"deep-is@~0.1.3":
  "integrity" "sha1-s2nW+128E+7PUk+RsHD+7cNXzzQ="
  "resolved" "https://registry.npmjs.org/deep-is/-/deep-is-0.1.3.tgz"
  "version" "0.1.3"

"dfa@^1.0.0":
  "integrity" "sha1-0wIYvRDQMPpCHfPrvIIoVGOjF4E="
  "resolved" "https://registry.npmjs.org/dfa/-/dfa-1.1.0.tgz"
  "version" "1.1.0"
  dependencies:
    "babel-runtime" "^6.11.6"

"duplexer2@~0.1.4":
  "integrity" "sha1-ixLauHjA1p4+eJEFFmKjL8a93ME="
  "resolved" "https://registry.npmjs.org/duplexer2/-/duplexer2-0.1.4.tgz"
  "version" "0.1.4"
  dependencies:
    "readable-stream" "^2.0.2"

"escodegen@^1.8.1", "escodegen@~1.9.0":
  "integrity" "sha512-6hTjO1NAWkHnDk3OqQ4YrCuwwmGHL9S3nPlzBOUG/R44rda3wLNrfvQ5fkSGjyhHFKM7ALPKcKGrwvCLe0lC7Q=="
  "resolved" "https://registry.npmjs.org/escodegen/-/escodegen-1.9.1.tgz"
  "version" "1.9.1"
  dependencies:
    "esprima" "^3.1.3"
    "estraverse" "^4.2.0"
    "esutils" "^2.0.2"
    "optionator" "^0.8.1"
  optionalDependencies:
    "source-map" "~0.6.1"

"escodegen@~1.2.0":
  "integrity" "sha1-Cd55Z3kcyVi3+Jot220jRRrzJ+E="
  "resolved" "https://registry.npmjs.org/escodegen/-/escodegen-1.2.0.tgz"
  "version" "1.2.0"
  dependencies:
    "esprima" "~1.0.4"
    "estraverse" "~1.5.0"
    "esutils" "~1.0.0"
  optionalDependencies:
    "source-map" "~0.1.30"

"esprima@^3.1.3":
  "integrity" "sha1-/cpRzuYTOJXjyI1TXOSdv/YqRjM="
  "resolved" "https://registry.npmjs.org/esprima/-/esprima-3.1.3.tgz"
  "version" "3.1.3"

"esprima@~1.0.4":
  "integrity" "sha1-n1V+CPw7TSbs6d00+Pv0drYlha0="
  "resolved" "https://registry.npmjs.org/esprima/-/esprima-1.0.4.tgz"
  "version" "1.0.4"

"estraverse@^4.2.0":
  "integrity" "sha1-De4/7TH81GlhjOc0IJn8GvoL2xM="
  "resolved" "https://registry.npmjs.org/estraverse/-/estraverse-4.2.0.tgz"
  "version" "4.2.0"

"estraverse@~1.5.0":
  "integrity" "sha1-hno+jlip+EYYr7bC3bzZFrfLr3E="
  "resolved" "https://registry.npmjs.org/estraverse/-/estraverse-1.5.1.tgz"
  "version" "1.5.1"

"esutils@^2.0.2":
  "integrity" "sha1-Cr9PHKpbyx96nYrMbepPqqBLrJs="
  "resolved" "https://registry.npmjs.org/esutils/-/esutils-2.0.2.tgz"
  "version" "2.0.2"

"esutils@~1.0.0":
  "integrity" "sha1-gVHTWOIMisx/t0XnRywAJf5JZXA="
  "resolved" "https://registry.npmjs.org/esutils/-/esutils-1.0.0.tgz"
  "version" "1.0.0"

"falafel@^2.1.0":
  "integrity" "sha1-lrsXdh2rqU9G0AFzizzt86Z/4Gw="
  "resolved" "https://registry.npmjs.org/falafel/-/falafel-2.1.0.tgz"
  "version" "2.1.0"
  dependencies:
    "acorn" "^5.0.0"
    "foreach" "^2.0.5"
    "isarray" "0.0.1"
    "object-keys" "^1.0.6"

"fast-levenshtein@~2.0.4":
  "integrity" "sha1-PYpcZog6FqMMqGQ+hR8Zuqd5eRc="
  "resolved" "https://registry.npmjs.org/fast-levenshtein/-/fast-levenshtein-2.0.6.tgz"
  "version" "2.0.6"

"fill-range@^7.0.1":
  "integrity" "sha512-qOo9F+dMUmC2Lcb4BbVvnKJxTPjCm+RRpe4gDuGrzkL7mEVl/djYSu2OdQ2Pa302N4oqkSg9ir6jaLWJ2USVpQ=="
  "resolved" "https://registry.npmjs.org/fill-range/-/fill-range-7.0.1.tgz"
  "version" "7.0.1"
  dependencies:
    "to-regex-range" "^5.0.1"

"fontkit@^1.0.0":
  "integrity" "sha512-EFDRCca7khfQWYu1iFhsqeABpi87f03MBdkT93ZE6YhqCdMzb5Eojb6c4dlJikGv5liuhByyzA7ikpIPTSBWbQ=="
  "resolved" "https://registry.npmjs.org/fontkit/-/fontkit-1.8.0.tgz"
  "version" "1.8.0"
  dependencies:
    "babel-runtime" "^6.11.6"
    "brfs" "^1.4.0"
    "brotli" "^1.2.0"
    "browserify-optional" "^1.0.0"
    "clone" "^1.0.1"
    "deep-equal" "^1.0.0"
    "dfa" "^1.0.0"
    "restructure" "^0.5.3"
    "tiny-inflate" "^1.0.2"
    "unicode-properties" "^1.0.0"
    "unicode-trie" "^0.3.0"

"foreach@^2.0.5":
  "integrity" "sha1-C+4AUBiusmDQo6865ljdATbsG5k="
  "resolved" "https://registry.npmjs.org/foreach/-/foreach-2.0.5.tgz"
  "version" "2.0.5"

"function-bind@^1.1.1":
  "integrity" "sha512-yIovAzMX49sF8Yl58fSCWJ5svSLuaibPxXQJFLmBObTuCr0Mf1KiPopGM9NiFjiYBCbfaa2Fh6breQ6ANVTI0A=="
  "resolved" "https://registry.npmjs.org/function-bind/-/function-bind-1.1.1.tgz"
  "version" "1.1.1"

"glob-parent@~5.1.2":
  "integrity" "sha512-AOIgSQCepiJYwP3ARnGx+5VnTu2HBYdzbGP45eLw1vr3zB3vZLeyed1sC9hnbcOc9/SrMyM5RPQrkGz4aS9Zow=="
  "resolved" "https://registry.npmjs.org/glob-parent/-/glob-parent-5.1.2.tgz"
  "version" "5.1.2"
  dependencies:
    "is-glob" "^4.0.1"

"has-flag@^3.0.0":
  "integrity" "sha512-sKJf1+ceQBr4SMkvQnBDNDtf4TXpVhVGateu0t918bl30FnbE2m4vNLX+VWe/dpjlb+HugGYzW7uQXH98HPEYw=="
  "resolved" "https://registry.npmjs.org/has-flag/-/has-flag-3.0.0.tgz"
  "version" "3.0.0"

"has@^1.0.1":
  "integrity" "sha512-f2dvO0VU6Oej7RkWJGrehjbzMAjFp5/VKPp5tTpWIV4JHHZK1/BxbFRtf/siA2SWTe09caDmVtYYzWEIbBS4zw=="
  "resolved" "https://registry.npmjs.org/has/-/has-1.0.3.tgz"
  "version" "1.0.3"
  dependencies:
    "function-bind" "^1.1.1"

"ignore-by-default@^1.0.1":
  "integrity" "sha512-Ius2VYcGNk7T90CppJqcIkS5ooHUZyIQK+ClZfMfMNFEF9VSE73Fq+906u/CWu92x4gzZMWOwfFYckPObzdEbA=="
  "resolved" "https://registry.npmjs.org/ignore-by-default/-/ignore-by-default-1.0.1.tgz"
  "version" "1.0.1"

"inherits@^2.0.3", "inherits@~2.0.3":
  "integrity" "sha1-Yzwsg+PaQqUC9SRmAiSA9CCCYd4="
  "resolved" "https://registry.npmjs.org/inherits/-/inherits-2.0.3.tgz"
  "version" "2.0.3"

"is-binary-path@~2.1.0":
  "integrity" "sha512-ZMERYes6pDydyuGidse7OsHxtbI7WVeUEozgR/g7rd0xUimYNlvZRE/K2MgZTjWy725IfelLeVcEM97mmtRGXw=="
  "resolved" "https://registry.npmjs.org/is-binary-path/-/is-binary-path-2.1.0.tgz"
  "version" "2.1.0"
  dependencies:
    "binary-extensions" "^2.0.0"

"is-extglob@^2.1.1":
  "integrity" "sha512-SbKbANkN603Vi4jEZv49LeVJMn4yGwsbzZworEoyEiutsN3nJYdbO36zfhGJ6QEDpOZIFkDtnq5JRxmvl3jsoQ=="
  "resolved" "https://registry.npmjs.org/is-extglob/-/is-extglob-2.1.1.tgz"
  "version" "2.1.1"

"is-glob@^4.0.1", "is-glob@~4.0.1":
  "integrity" "sha512-xelSayHH36ZgE7ZWhli7pW34hNbNl8Ojv5KVmkJD4hBdD3th8Tfk9vYasLM+mXWOZhFkgZfxhLSnrwRr4elSSg=="
  "resolved" "https://registry.npmjs.org/is-glob/-/is-glob-4.0.3.tgz"
  "version" "4.0.3"
  dependencies:
    "is-extglob" "^2.1.1"

"is-number@^7.0.0":
  "integrity" "sha512-41Cifkg6e8TylSpdtTpeLVMqvSBEVzTttHvERD741+pnZ8ANv0004MRL43QKPDlK9cGvNp6NZWZUBlbGXYxxng=="
  "resolved" "https://registry.npmjs.org/is-number/-/is-number-7.0.0.tgz"
  "version" "7.0.0"

"isarray@~1.0.0":
  "integrity" "sha1-u5NdSFgsuhaMBoNJV6VKPgcSTxE="
  "resolved" "https://registry.npmjs.org/isarray/-/isarray-1.0.0.tgz"
  "version" "1.0.0"

"isarray@0.0.1":
  "integrity" "sha1-ihis/Kmo9Bd+Cav8YDiTmwXR7t8="
  "resolved" "https://registry.npmjs.org/isarray/-/isarray-0.0.1.tgz"
  "version" "0.0.1"

"levn@~0.3.0":
  "integrity" "sha1-OwmSTt+fCDwEkP3UwLxEIeBHZO4="
  "resolved" "https://registry.npmjs.org/levn/-/levn-0.3.0.tgz"
  "version" "0.3.0"
  dependencies:
    "prelude-ls" "~1.1.2"
    "type-check" "~0.3.2"

"linebreak@^0.3.0":
  "integrity" "sha1-BSZICmLAW9Z58+nZmDDgnGp9DtY="
  "resolved" "https://registry.npmjs.org/linebreak/-/linebreak-0.3.0.tgz"
  "version" "0.3.0"
  dependencies:
    "base64-js" "0.0.8"
    "brfs" "^1.3.0"
    "unicode-trie" "^0.3.0"

"magic-string@^0.22.4":
  "integrity" "sha512-oreip9rJZkzvA8Qzk9HFs8fZGF/u7H/gtrE8EN6RjKJ9kh2HlC+yQ2QezifqTZfGyiuAV0dRv5a+y/8gBb1m9w=="
  "resolved" "https://registry.npmjs.org/magic-string/-/magic-string-0.22.5.tgz"
  "version" "0.22.5"
  dependencies:
    "vlq" "^0.2.2"

"merge-source-map@1.0.4":
  "integrity" "sha1-pd5GU42uhNQRTMXqArR3KmNGcB8="
  "resolved" "https://registry.npmjs.org/merge-source-map/-/merge-source-map-1.0.4.tgz"
  "version" "1.0.4"
  dependencies:
    "source-map" "^0.5.6"

"minimatch@^3.0.4":
  "integrity" "sha512-J7p63hRiAjw1NDEww1W7i37+ByIrOWO5XQQAzZ3VOcL0PNybwpfmV/N05zFAzwQ9USyEcX6t3UO+K5aqBQOIHw=="
  "resolved" "https://registry.npmjs.org/minimatch/-/minimatch-3.1.2.tgz"
  "version" "3.1.2"
  dependencies:
    "brace-expansion" "^1.1.7"

"minimist@^1.1.3":
  "integrity" "sha512-FM9nNUYrRBAELZQT3xeZQ7fmMOBg6nWNmJKTcgsJeaLstP/UODVpGsr5OhXhhXg6f+qtJ8uiZ+PUxkDWcgIXLw=="
  "resolved" "https://registry.npmjs.org/minimist/-/minimist-1.2.5.tgz"
  "version" "1.2.5"

"ms@^2.1.1":
  "integrity" "sha512-6FlzubTLZG3J2a/NVCAleEhjzq5oxgHyaCU9yYXvcLsvoVaHJq/s5xXI6/XXP6tz7R9xAOtHnSO/tXtF3WRTlA=="
  "resolved" "https://registry.npmjs.org/ms/-/ms-2.1.3.tgz"
  "version" "2.1.3"

"nodemon@^2.0.19":
  "integrity" "sha512-4pv1f2bMDj0Eeg/MhGqxrtveeQ5/G/UVe9iO6uTZzjnRluSA4PVWf8CW99LUPwGB3eNIA7zUFoP77YuI7hOc0A=="
  "resolved" "https://registry.npmjs.org/nodemon/-/nodemon-2.0.19.tgz"
  "version" "2.0.19"
  dependencies:
    "chokidar" "^3.5.2"
    "debug" "^3.2.7"
    "ignore-by-default" "^1.0.1"
    "minimatch" "^3.0.4"
    "pstree.remy" "^1.1.8"
    "semver" "^5.7.1"
    "simple-update-notifier" "^1.0.7"
    "supports-color" "^5.5.0"
    "touch" "^3.1.0"
    "undefsafe" "^2.0.5"

"nopt@~1.0.10":
  "integrity" "sha512-NWmpvLSqUrgrAC9HCuxEvb+PSloHpqVu+FqcO4eeF2h5qYRhA7ev6KvelyQAKtegUbC6RypJnlEOhd8vloNKYg=="
  "resolved" "https://registry.npmjs.org/nopt/-/nopt-1.0.10.tgz"
  "version" "1.0.10"
  dependencies:
    "abbrev" "1"

"normalize-path@^3.0.0", "normalize-path@~3.0.0":
  "integrity" "sha512-6eZs5Ls3WtCisHWp9S2GUy8dqkpGi4BVSz3GaqiE6ezub0512ESztXUwUB6C6IKbQkY2Pnb/mD4WYojCRwcwLA=="
  "resolved" "https://registry.npmjs.org/normalize-path/-/normalize-path-3.0.0.tgz"
  "version" "3.0.0"

"object-inspect@~1.4.0":
  "integrity" "sha512-wqdhLpfCUbEsoEwl3FXwGyv8ief1k/1aUdIPCqVnupM6e8l63BEJdiF/0swtn04/8p05tG/T0FrpTlfwvljOdw=="
  "resolved" "https://registry.npmjs.org/object-inspect/-/object-inspect-1.4.1.tgz"
  "version" "1.4.1"

"object-keys@^1.0.6":
  "integrity" "sha512-6OO5X1+2tYkNyNEx6TsCxEqFfRWaqx6EtMiSbGrw8Ob8v9Ne+Hl8rBAgLBZn5wjEz3s/s6U1WXFUFOcxxAwUpg=="
  "resolved" "https://registry.npmjs.org/object-keys/-/object-keys-1.1.0.tgz"
  "version" "1.1.0"

"optionator@^0.8.1":
  "integrity" "sha1-NkxeQJ0/TWMB1sC0wFu6UBgK62Q="
  "resolved" "https://registry.npmjs.org/optionator/-/optionator-0.8.2.tgz"
  "version" "0.8.2"
  dependencies:
    "deep-is" "~0.1.3"
    "fast-levenshtein" "~2.0.4"
    "levn" "~0.3.0"
    "prelude-ls" "~1.1.2"
    "type-check" "~0.3.2"
    "wordwrap" "~1.0.0"

"pako@^0.2.5":
  "integrity" "sha1-8/dSL073gjSNqBYbrZ7P1Rv4OnU="
  "resolved" "https://registry.npmjs.org/pako/-/pako-0.2.9.tgz"
  "version" "0.2.9"

"path-parse@^1.0.6":
  "integrity" "sha512-GSmOT2EbHrINBf9SR7CDELwlJ8AENk3Qn7OikK4nFYAu3Ote2+JYNVvkpAEQm3/TLNEJFD/xZJjzyxg3KBWOzw=="
  "resolved" "https://registry.npmjs.org/path-parse/-/path-parse-1.0.6.tgz"
  "version" "1.0.6"

"pdfkit@^0.9.0":
  "integrity" "sha512-j/tJvvoEM7qMiOfodNkz6XRNBvAhVohWP1mUvgg+Xy8X8S3aMBpVGXJGZWNCoCUH2ywLidZSbHyn5mJaqv9umw=="
  "resolved" "https://registry.npmjs.org/pdfkit/-/pdfkit-0.9.0.tgz"
  "version" "0.9.0"
  dependencies:
    "crypto-js" "^3.1.9-1"
    "fontkit" "^1.0.0"
    "linebreak" "^0.3.0"
    "png-js" ">=0.1.0"
    "saslprep" "1.0.1"

"picomatch@^2.0.4", "picomatch@^2.2.1":
  "integrity" "sha512-JU3teHTNjmE2VCGFzuY8EXzCDVwEqB2a8fsIvwaStHhAWJEeVd1o1QD80CU6+ZdEXXSLbSsuLwJjkCBWqRQUVA=="
  "resolved" "https://registry.npmjs.org/picomatch/-/picomatch-2.3.1.tgz"
  "version" "2.3.1"

"png-js@>=0.1.0":
  "integrity" "sha1-HMfCEjA6yr50Jj7DrHgAlYAkLZM="
  "resolved" "https://registry.npmjs.org/png-js/-/png-js-0.1.1.tgz"
  "version" "0.1.1"

"prelude-ls@~1.1.2":
  "integrity" "sha1-IZMqVJ9eUv/ZqCf1cOBL5iqX2lQ="
  "resolved" "https://registry.npmjs.org/prelude-ls/-/prelude-ls-1.1.2.tgz"
  "version" "1.1.2"

"process-nextick-args@~2.0.0":
  "integrity" "sha512-MtEC1TqN0EU5nephaJ4rAtThHtC86dNN9qCuEhtshvpVBkAW5ZO7BASN9REnF9eoXGcRub+pFuKEpOHE+HbEMw=="
  "resolved" "https://registry.npmjs.org/process-nextick-args/-/process-nextick-args-2.0.0.tgz"
  "version" "2.0.0"

"pstree.remy@^1.1.8":
  "integrity" "sha512-77DZwxQmxKnu3aR542U+X8FypNzbfJ+C5XQDk3uWjWxn6151aIMGthWYRXTqT1E5oJvg+ljaa2OJi+VfvCOQ8w=="
  "resolved" "https://registry.npmjs.org/pstree.remy/-/pstree.remy-1.1.8.tgz"
  "version" "1.1.8"

"quote-stream@^1.0.1", "quote-stream@~1.0.2":
  "integrity" "sha1-hJY/jJwmuULhU/7rU6rnRlK34LI="
  "resolved" "https://registry.npmjs.org/quote-stream/-/quote-stream-1.0.2.tgz"
  "version" "1.0.2"
  dependencies:
    "buffer-equal" "0.0.1"
    "minimist" "^1.1.3"
    "through2" "^2.0.0"

"readable-stream@^2.0.2", "readable-stream@^2.2.2", "readable-stream@~2.3.3", "readable-stream@~2.3.6":
  "integrity" "sha512-tQtKA9WIAhBF3+VLAseyMqZeBjW0AHJoxOtYqSUZNJxauErmLbVm2FW1y+J/YA9dUrAC39ITejlZWhVIwawkKw=="
  "resolved" "https://registry.npmjs.org/readable-stream/-/readable-stream-2.3.6.tgz"
  "version" "2.3.6"
  dependencies:
    "core-util-is" "~1.0.0"
    "inherits" "~2.0.3"
    "isarray" "~1.0.0"
    "process-nextick-args" "~2.0.0"
    "safe-buffer" "~5.1.1"
    "string_decoder" "~1.1.1"
    "util-deprecate" "~1.0.1"

"readdirp@~3.6.0":
  "integrity" "sha512-hOS089on8RduqdbhvQ5Z37A0ESjsqz6qnRcffsMU3495FuTdqSm+7bhJ29JvIOsBDEEnan5DPu9t3To9VRlMzA=="
  "resolved" "https://registry.npmjs.org/readdirp/-/readdirp-3.6.0.tgz"
  "version" "3.6.0"
  dependencies:
    "picomatch" "^2.2.1"

"regenerator-runtime@^0.11.0":
  "integrity" "sha512-MguG95oij0fC3QV3URf4V2SDYGJhJnJGqvIIgdECeODCT98wSWDAJ94SSuVpYQUoTcGUIL6L4yNB7j1DFFHSBg=="
  "resolved" "https://registry.npmjs.org/regenerator-runtime/-/regenerator-runtime-0.11.1.tgz"
  "version" "0.11.1"

"resolve@^1.1.5":
  "integrity" "sha512-3sUr9aq5OfSg2S9pNtPA9hL1FVEAjvfOC4leW0SNf/mpnaakz2a9femSd6LqAww2RaFctwyf1lCqnTHuF1rxDg=="
  "resolved" "https://registry.npmjs.org/resolve/-/resolve-1.10.0.tgz"
  "version" "1.10.0"
  dependencies:
    "path-parse" "^1.0.6"

"resolve@1.1.7":
  "integrity" "sha1-IDEU2CrSxe2ejgQRs5ModeiJ6Xs="
  "resolved" "https://registry.npmjs.org/resolve/-/resolve-1.1.7.tgz"
  "version" "1.1.7"

"restructure@^0.5.3":
  "integrity" "sha1-9U591WNZD7NP1r9Vh2EJrsyyjeg="
  "resolved" "https://registry.npmjs.org/restructure/-/restructure-0.5.4.tgz"
  "version" "0.5.4"
  dependencies:
    "browserify-optional" "^1.0.0"

"safe-buffer@~5.1.0", "safe-buffer@~5.1.1":
  "integrity" "sha512-Gd2UZBJDkXlY7GbJxfsE8/nvKkUEU1G38c1siN6QP6a9PT9MmHB8GnpscSmMJSoF8LOIrt8ud/wPtojys4G6+g=="
  "resolved" "https://registry.npmjs.org/safe-buffer/-/safe-buffer-5.1.2.tgz"
  "version" "5.1.2"

"saslprep@1.0.1":
  "integrity" "sha512-ntN6SbE3hRqd45PKKadRPgA+xHPWg5lPSj2JWJdJvjTwXDDfkPVtXWvP8jJojvnm+rAsZ2b299C5NwZqq818EA=="
  "resolved" "https://registry.npmjs.org/saslprep/-/saslprep-1.0.1.tgz"
  "version" "1.0.1"

"semver@^5.7.1":
  "integrity" "sha512-sauaDf/PZdVgrLTNYHRtpXa1iRiKcaebiKQ1BJdpQlWH2lCvexQdX55snPFyK7QzpudqbCI0qXFfOasHdyNDGQ=="
  "resolved" "https://registry.npmjs.org/semver/-/semver-5.7.1.tgz"
  "version" "5.7.1"

"semver@~7.0.0":
  "integrity" "sha512-+GB6zVA9LWh6zovYQLALHwv5rb2PHGlJi3lfiqIHxR0uuwCgefcOJc59v9fv1w8GbStwxuuqqAjI9NMAOOgq1A=="
  "resolved" "https://registry.npmjs.org/semver/-/semver-7.0.0.tgz"
  "version" "7.0.0"

"shallow-copy@~0.0.1":
  "integrity" "sha1-QV9CcC1z2BAzApLMXuhurhoRoXA="
  "resolved" "https://registry.npmjs.org/shallow-copy/-/shallow-copy-0.0.1.tgz"
  "version" "0.0.1"

"simple-update-notifier@^1.0.7":
  "integrity" "sha512-BBKgR84BJQJm6WjWFMHgLVuo61FBDSj1z/xSFUIozqO6wO7ii0JxCqlIud7Enr/+LhlbNI0whErq96P2qHNWew=="
  "resolved" "https://registry.npmjs.org/simple-update-notifier/-/simple-update-notifier-1.0.7.tgz"
  "version" "1.0.7"
  dependencies:
    "semver" "~7.0.0"

"source-map@^0.5.6":
  "integrity" "sha1-igOdLRAh0i0eoUyA2OpGi6LvP8w="
  "resolved" "https://registry.npmjs.org/source-map/-/source-map-0.5.7.tgz"
  "version" "0.5.7"

"source-map@~0.1.30":
  "integrity" "sha1-wkvBRspRfBRx9drL4lcbK3+eM0Y="
  "resolved" "https://registry.npmjs.org/source-map/-/source-map-0.1.43.tgz"
  "version" "0.1.43"
  dependencies:
    "amdefine" ">=0.0.4"

"source-map@~0.6.1":
  "integrity" "sha512-UjgapumWlbMhkBgzT7Ykc5YXUT46F0iKu8SGXq0bcwP5dz/h0Plj6enJqjz1Zbq2l5WaqYnrVbwWOWMyF3F47g=="
  "resolved" "https://registry.npmjs.org/source-map/-/source-map-0.6.1.tgz"
  "version" "0.6.1"

"static-eval@^2.0.0":
  "integrity" "sha512-N/D219Hcr2bPjLxPiV+TQE++Tsmrady7TqAJugLy7Xk1EumfDWS/f5dtBbkRCGE7wKKXuYockQoj8Rm2/pVKyg=="
  "resolved" "https://registry.npmjs.org/static-eval/-/static-eval-2.0.2.tgz"
  "version" "2.0.2"
  dependencies:
    "escodegen" "^1.8.1"

"static-module@^2.2.0":
  "integrity" "sha512-D8vv82E/Kpmz3TXHKG8PPsCPg+RAX6cbCOyvjM6x04qZtQ47EtJFVwRsdov3n5d6/6ynrOY9XB4JkaZwB2xoRQ=="
  "resolved" "https://registry.npmjs.org/static-module/-/static-module-2.2.5.tgz"
  "version" "2.2.5"
  dependencies:
    "concat-stream" "~1.6.0"
    "convert-source-map" "^1.5.1"
    "duplexer2" "~0.1.4"
    "escodegen" "~1.9.0"
    "falafel" "^2.1.0"
    "has" "^1.0.1"
    "magic-string" "^0.22.4"
    "merge-source-map" "1.0.4"
    "object-inspect" "~1.4.0"
    "quote-stream" "~1.0.2"
    "readable-stream" "~2.3.3"
    "shallow-copy" "~0.0.1"
    "static-eval" "^2.0.0"
    "through2" "~2.0.3"

"string_decoder@~1.1.1":
  "integrity" "sha512-n/ShnvDi6FHbbVfviro+WojiFzv+s8MPMHBczVePfUpDJLwoLT0ht1l4YwBCbi8pJAveEEdnkHyPyTP/mzRfwg=="
  "resolved" "https://registry.npmjs.org/string_decoder/-/string_decoder-1.1.1.tgz"
  "version" "1.1.1"
  dependencies:
    "safe-buffer" "~5.1.0"

"supports-color@^5.5.0":
  "integrity" "sha512-QjVjwdXIt408MIiAqCX4oUKsgU2EqAGzs2Ppkm4aQYbjm+ZEWEcW4SfFNTr4uMNZma0ey4f5lgLrkB0aX0QMow=="
  "resolved" "https://registry.npmjs.org/supports-color/-/supports-color-5.5.0.tgz"
  "version" "5.5.0"
  dependencies:
    "has-flag" "^3.0.0"

"through@~2.3.4":
  "integrity" "sha1-DdTJ/6q8NXlgsbckEV1+Doai4fU="
  "resolved" "https://registry.npmjs.org/through/-/through-2.3.8.tgz"
  "version" "2.3.8"

"through2@^2.0.0", "through2@~2.0.3":
  "integrity" "sha512-/mrRod8xqpA+IHSLyGCQ2s8SPHiCDEeQJSep1jqLYeEUClOFG2Qsh+4FU6G9VeqpZnGW/Su8LQGc4YKni5rYSQ=="
  "resolved" "https://registry.npmjs.org/through2/-/through2-2.0.5.tgz"
  "version" "2.0.5"
  dependencies:
    "readable-stream" "~2.3.6"
    "xtend" "~4.0.1"

"tiny-inflate@^1.0.0", "tiny-inflate@^1.0.2":
  "integrity" "sha1-k9nez/yIBb1X6uQxDwt0Xptvs6c="
  "resolved" "https://registry.npmjs.org/tiny-inflate/-/tiny-inflate-1.0.2.tgz"
  "version" "1.0.2"

"to-regex-range@^5.0.1":
  "integrity" "sha512-65P7iz6X5yEr1cwcgvQxbbIw7Uk3gOy5dIdtZ4rDveLqhrdJP+Li/Hx6tyK0NEb+2GCyneCMJiGqrADCSNk8sQ=="
  "resolved" "https://registry.npmjs.org/to-regex-range/-/to-regex-range-5.0.1.tgz"
  "version" "5.0.1"
  dependencies:
    "is-number" "^7.0.0"

"touch@^3.1.0":
  "integrity" "sha512-WBx8Uy5TLtOSRtIq+M03/sKDrXCLHxwDcquSP2c43Le03/9serjQBIztjRz6FkJez9D/hleyAXTBGLwwZUw9lA=="
  "resolved" "https://registry.npmjs.org/touch/-/touch-3.1.0.tgz"
  "version" "3.1.0"
  dependencies:
    "nopt" "~1.0.10"

"type-check@~0.3.2":
  "integrity" "sha1-WITKtRLPHTVeP7eE8wgEsrUg23I="
  "resolved" "https://registry.npmjs.org/type-check/-/type-check-0.3.2.tgz"
  "version" "0.3.2"
  dependencies:
    "prelude-ls" "~1.1.2"

"typedarray@^0.0.6":
  "integrity" "sha1-hnrHTjhkGHsdPUfZlqeOxciDB3c="
  "resolved" "https://registry.npmjs.org/typedarray/-/typedarray-0.0.6.tgz"
  "version" "0.0.6"

"undefsafe@^2.0.5":
  "integrity" "sha512-WxONCrssBM8TSPRqN5EmsjVrsv4A8X12J4ArBiiayv3DyyG3ZlIg6yysuuSYdZsVz3TKcTg2fd//Ujd4CHV1iA=="
  "resolved" "https://registry.npmjs.org/undefsafe/-/undefsafe-2.0.5.tgz"
  "version" "2.0.5"

"unicode-properties@^1.0.0":
  "integrity" "sha1-epbu9J91aC6mnSMV7smsQ//fAME="
  "resolved" "https://registry.npmjs.org/unicode-properties/-/unicode-properties-1.1.0.tgz"
  "version" "1.1.0"
  dependencies:
    "brfs" "^1.4.0"
    "unicode-trie" "^0.3.0"

"unicode-trie@^0.3.0":
  "integrity" "sha1-1nHd3YkQGgi6w3tqUWEBBgIFIIU="
  "resolved" "https://registry.npmjs.org/unicode-trie/-/unicode-trie-0.3.1.tgz"
  "version" "0.3.1"
  dependencies:
    "pako" "^0.2.5"
    "tiny-inflate" "^1.0.0"

"util-deprecate@~1.0.1":
  "integrity" "sha1-RQ1Nyfpw3nMnYvvS1KKJgUGaDM8="
  "resolved" "https://registry.npmjs.org/util-deprecate/-/util-deprecate-1.0.2.tgz"
  "version" "1.0.2"

"vlq@^0.2.2":
  "integrity" "sha512-DRibZL6DsNhIgYQ+wNdWDL2SL3bKPlVrRiBqV5yuMm++op8W4kGFtaQfCs4KEJn0wBZcHVHJ3eoywX8983k1ow=="
  "resolved" "https://registry.npmjs.org/vlq/-/vlq-0.2.3.tgz"
  "version" "0.2.3"

"wordwrap@~1.0.0":
  "integrity" "sha1-J1hIEIkUVqQXHI0CJkQa3pDLyus="
  "resolved" "https://registry.npmjs.org/wordwrap/-/wordwrap-1.0.0.tgz"
  "version" "1.0.0"

"xtend@~4.0.1":
  "integrity" "sha1-pcbVMr5lbiPbgg77lDofBJmNY68="
  "resolved" "https://registry.npmjs.org/xtend/-/xtend-4.0.1.tgz"
  "version" "4.0.1"
